
Microsoft Visual Studio Solution File, Format Version 12.00
# Visual Studio 2012
Project("{8BC9CEB9-8B4A-11D0-8D11-00A0C91BC942}") = "2D Sky FREE", "2D Sky FREE.dll", "{BEB122EC-ECC6-4BF2-A43C-234A126D854D}"
	ProjectSection(MonoDevelopProperties) = preProject
		name = 2D Sky FREE
		Configurations = $0
		$0.Configuration = $1
		$1.name = Default
		$1.OutputPath = .\
		$1.ctype = ProjectConfiguration
	EndProjectSection
EndProject
Global
	GlobalSection(SolutionConfigurationPlatforms) = preSolution
		Default|Any CPU = Default|Any CPU
	EndGlobalSection
	GlobalSection(ProjectConfigurationPlatforms) = postSolution
		{BEB122EC-ECC6-4BF2-A43C-234A126D854D}.Default|Any CPU.ActiveCfg = Default|Any CPU
		{BEB122EC-ECC6-4BF2-A43C-234A126D854D}.Default|Any CPU.Build.0 = Default|Any CPU
	EndGlobalSection
EndGlobal
