Microsoft Visual Studio Solution File, Format Version 11.00
# Visual Studio 2008

Project("{42A25F4B-96CA-C7B1-A264-C8939B1FAA62}") = "FirstJellyGame", "Assembly-CSharp.csproj", "{8B103AB8-FC41-ACAA-E93A-73B45B97B459}"
EndProject
Project("{42A25F4B-96CA-C7B1-A264-C8939B1FAA62}") = "FirstJellyGame", "Assembly-UnityScript.unityproj", "{77B99510-AE3A-1DAB-1D78-2E8169440501}"
EndProject
Global
	GlobalSection(SolutionConfigurationPlatforms) = preSolution
		Debug|Any CPU = Debug|Any CPU
		Release|Any CPU = Release|Any CPU
	EndGlobalSection
	GlobalSection(ProjectConfigurationPlatforms) = postSolution
		{8B103AB8-FC41-ACAA-E93A-73B45B97B459}.Debug|Any CPU.ActiveCfg = Debug|Any CPU
		{8B103AB8-FC41-ACAA-E93A-73B45B97B459}.Debug|Any CPU.Build.0 = Debug|Any CPU
		{8B103AB8-FC41-ACAA-E93A-73B45B97B459}.Release|Any CPU.ActiveCfg = Release|Any CPU
		{8B103AB8-FC41-ACAA-E93A-73B45B97B459}.Release|Any CPU.Build.0 = Release|Any CPU
		{77B99510-AE3A-1DAB-1D78-2E8169440501}.Debug|Any CPU.ActiveCfg = Debug|Any CPU
		{77B99510-AE3A-1DAB-1D78-2E8169440501}.Debug|Any CPU.Build.0 = Debug|Any CPU
		{77B99510-AE3A-1DAB-1D78-2E8169440501}.Release|Any CPU.ActiveCfg = Release|Any CPU
		{77B99510-AE3A-1DAB-1D78-2E8169440501}.Release|Any CPU.Build.0 = Release|Any CPU
	EndGlobalSection
	GlobalSection(SolutionProperties) = preSolution
		HideSolutionNode = FALSE
	EndGlobalSection
	GlobalSection(MonoDevelopProperties) = preSolution
		StartupItem = Assembly-CSharp.csproj
	EndGlobalSection
EndGlobal
